{
  "version": 4,
  "terraform_version": "0.12.24",
  "serial": 40,
  "lineage": "a89b7f7b-b665-6fe7-b666-db6426057525",
  "outputs": {},
  "resources": [
    {
      "mode": "managed",
      "type": "aws_instance",
      "name": "provisioner_remote",
      "provider": "provider.aws",
      "instances": [
        {
          "status": "tainted",
          "schema_version": 1,
          "attributes": {
            "ami": "ami-b374d5a5",
            "arn": "arn:aws:ec2:us-east-1:065220834317:instance/i-09b5b61e4cea00064",
            "associate_public_ip_address": true,
            "availability_zone": "us-east-1c",
            "cpu_core_count": 1,
            "cpu_threads_per_core": 1,
            "credit_specification": [
              {
                "cpu_credits": "standard"
              }
            ],
            "disable_api_termination": false,
            "ebs_block_device": [],
            "ebs_optimized": false,
            "ephemeral_block_device": [],
            "get_password_data": false,
            "hibernation": false,
            "host_id": null,
            "iam_instance_profile": "",
            "id": "i-09b5b61e4cea00064",
            "instance_initiated_shutdown_behavior": null,
            "instance_state": "running",
            "instance_type": "t2.micro",
            "ipv6_address_count": 0,
            "ipv6_addresses": [],
            "key_name": "examplekey",
            "metadata_options": [
              {
                "http_endpoint": "enabled",
                "http_put_response_hop_limit": 1,
                "http_tokens": "optional"
              }
            ],
            "monitoring": false,
            "network_interface": [],
            "network_interface_id": null,
            "password_data": "",
            "placement_group": "",
            "primary_network_interface_id": "eni-0baedf92394ce665e",
            "private_dns": "ip-172-31-84-93.ec2.internal",
            "private_ip": "172.31.84.93",
            "public_dns": "ec2-107-21-149-168.compute-1.amazonaws.com",
            "public_ip": "107.21.149.168",
            "root_block_device": [
              {
                "delete_on_termination": true,
                "device_name": "/dev/sda1",
                "encrypted": false,
                "iops": 100,
                "kms_key_id": "",
                "volume_id": "vol-060dfccee4d1d77c9",
                "volume_size": 8,
                "volume_type": "gp2"
              }
            ],
            "security_groups": [
              "default"
            ],
            "source_dest_check": true,
            "subnet_id": "subnet-e2669bc3",
            "tags": null,
            "tenancy": "default",
            "timeouts": null,
            "user_data": null,
            "user_data_base64": null,
            "volume_tags": {},
            "vpc_security_group_ids": [
              "sg-43f4f36d"
            ]
          },
          "private": "eyJlMmJmYjczMC1lY2FhLTExZTYtOGY4OC0zNDM2M2JjN2M0YzAiOnsiY3JlYXRlIjo2MDAwMDAwMDAwMDAsImRlbGV0ZSI6MTIwMDAwMDAwMDAwMCwidXBkYXRlIjo2MDAwMDAwMDAwMDB9LCJzY2hlbWFfdmVyc2lvbiI6IjEifQ==",
          "dependencies": [
            "aws_key_pair.example"
          ]
        }
      ]
    },
    {
      "mode": "managed",
      "type": "aws_key_pair",
      "name": "example",
      "provider": "provider.aws",
      "instances": [
        {
          "schema_version": 1,
          "attributes": {
            "fingerprint": "31:19:14:f3:4b:5d:f4:bd:7e:c6:1b:9c:96:86:9c:17",
            "id": "examplekey",
            "key_name": "examplekey",
            "key_name_prefix": null,
            "key_pair_id": "key-01a8d55e7e222adfc",
            "public_key": "ssh-rsa AAAAB3NzaC1yc2EAAAADAQABAAABAQC3mzMojlNaXp2tW8sJGvWYIi1GCvsttVzFNvkacc9Wr9ggs1Uub46Uj2VOq+rCTQ1U4b8u/4lxlnHgybLA6l9751Xnp/J9JoRVsCAp2AiOuNWuZ/5Y9/RBehGtEkiCCquQPEiFfKhoPHRFU3AsBPb5QfqQ2KMm1RjgiA095UvWCbIUIFWbO7EaDEnlQb+BOAOeDKlAEqAzDU8IehT3yeqHSuEsag56fcHVr+a/Y5/aF74+tmBSVMwFuJU/jgq3b8hBDZo/D/6z1wuTunYDLGD3Fp13JATrIzNALSNjy+45Kn6SfGAhow5E+BIDUKChbE6QcyJROODy+QzRtHdxVTYx parallels@parallels-Parallels-Virtual-Platform",
            "tags": {}
          },
          "private": "eyJzY2hlbWFfdmVyc2lvbiI6IjEifQ=="
        }
      ]
    }
  ]
}
